
Microsoft Visual Studio Solution File, Format Version 12.00
# Visual Studio Version 16
VisualStudioVersion = 16.0.30406.217
MinimumVisualStudioVersion = 10.0.40219.1
Project("{FAE04EC0-301F-11D3-BF4B-00C04F79EFBC}") = "FeladatD", "FeladatD\FeladatD.csproj", "{657D4B03-1526-4B50-AAF1-49FA9102DFE7}"
EndProject
Global
	GlobalSection(SolutionConfigurationPlatforms) = preSolution
		Debug|Any CPU = Debug|Any CPU
		Release|Any CPU = Release|Any CPU
	EndGlobalSection
	GlobalSection(ProjectConfigurationPlatforms) = postSolution
		{657D4B03-1526-4B50-AAF1-49FA9102DFE7}.Debug|Any CPU.ActiveCfg = Debug|Any CPU
		{657D4B03-1526-4B50-AAF1-49FA9102DFE7}.Debug|Any CPU.Build.0 = Debug|Any CPU
		{657D4B03-1526-4B50-AAF1-49FA9102DFE7}.Release|Any CPU.ActiveCfg = Release|Any CPU
		{657D4B03-1526-4B50-AAF1-49FA9102DFE7}.Release|Any CPU.Build.0 = Release|Any CPU
	EndGlobalSection
	GlobalSection(SolutionProperties) = preSolution
		HideSolutionNode = FALSE
	EndGlobalSection
	GlobalSection(ExtensibilityGlobals) = postSolution
		SolutionGuid = {74F97A26-49E4-4DCD-9123-7DFCA329AB88}
	EndGlobalSection
EndGlobal
